
Microsoft Visual Studio Solution File, Format Version 12.00
# Visual Studio Version 16
VisualStudioVersion = 16.0.30804.86
MinimumVisualStudioVersion = 10.0.40219.1
Project("{FAE04EC0-301F-11D3-BF4B-00C04F79EFBC}") = "WForm001", "WForm001.csproj", "{400F2DBA-7BB6-4DA3-AFB3-38D7C0AAFC5B}"
EndProject
Global
	GlobalSection(SolutionConfigurationPlatforms) = preSolution
		Debug|Any CPU = Debug|Any CPU
		Release|Any CPU = Release|Any CPU
	EndGlobalSection
	GlobalSection(ProjectConfigurationPlatforms) = postSolution
		{400F2DBA-7BB6-4DA3-AFB3-38D7C0AAFC5B}.Debug|Any CPU.ActiveCfg = Debug|Any CPU
		{400F2DBA-7BB6-4DA3-AFB3-38D7C0AAFC5B}.Debug|Any CPU.Build.0 = Debug|Any CPU
		{400F2DBA-7BB6-4DA3-AFB3-38D7C0AAFC5B}.Release|Any CPU.ActiveCfg = Release|Any CPU
		{400F2DBA-7BB6-4DA3-AFB3-38D7C0AAFC5B}.Release|Any CPU.Build.0 = Release|Any CPU
	EndGlobalSection
	GlobalSection(SolutionProperties) = preSolution
		HideSolutionNode = FALSE
	EndGlobalSection
	GlobalSection(ExtensibilityGlobals) = postSolution
		SolutionGuid = {129574ED-3D63-4724-8523-818D27DCEA8C}
	EndGlobalSection
EndGlobal
